<?xml version="1.0" encoding="utf-8"?>
<Project ToolsVersion="4.0" xmlns="http://schemas.microsoft.com/developer/msbuild/2003">
  <ItemGroup>
    <Filter Include="ソース ファイル">
      <UniqueIdentifier>{4FC737F1-C7A5-4376-A066-2A32D752A2FF}</UniqueIdentifier>
      <Extensions>cpp;c;cc;cxx;c++;cppm;ixx;def;odl;idl;hpj;bat;asm;asmx</Extensions>
    </Filter>
    <Filter Include="ヘッダー ファイル">
      <UniqueIdentifier>{93995380-89BD-4b04-88EB-625FBE52EBFB}</UniqueIdentifier>
      <Extensions>h;hh;hpp;hxx;h++;hm;inl;inc;ipp;xsd</Extensions>
    </Filter>
    <Filter Include="リソース ファイル">
      <UniqueIdentifier>{67DA6AB6-F800-4c08-8B7A-83BB121AAD01}</UniqueIdentifier>
      <Extensions>rc;ico;cur;bmp;dlg;rc2;rct;bin;rgs;gif;jpg;jpeg;jpe;resx;tiff;tif;png;wav;mfcribbon-ms</Extensions>
    </Filter>
  </ItemGroup>
  <ItemGroup>
    <ClCompile Include="main.cpp">
      <Filter>ソース ファイル</Filter>
    </ClCompile>
    <ClCompile Include="class\scene\TitleScene.cpp">
      <Filter>ソース ファイル</Filter>
    </ClCompile>
    <ClCompile Include="class\scene\SelectScene.cpp">
      <Filter>ソース ファイル</Filter>
    </ClCompile>
    <ClCompile Include="class\scene\SceneManager.cpp">
      <Filter>ソース ファイル</Filter>
    </ClCompile>
    <ClCompile Include="class\scene\ResultScene.cpp">
      <Filter>ソース ファイル</Filter>
    </ClCompile>
    <ClCompile Include="class\scene\GameScene.cpp">
      <Filter>ソース ファイル</Filter>
    </ClCompile>
    <ClCompile Include="class\scene\BaseScene.cpp">
      <Filter>ソース ファイル</Filter>
    </ClCompile>
    <ClCompile Include="_debug\_DebugConOut.cpp">
      <Filter>ソース ファイル</Filter>
    </ClCompile>
    <ClCompile Include="_debug\_DebugDispOut.cpp">
      <Filter>ソース ファイル</Filter>
    </ClCompile>
    <ClCompile Include="class\input\KeyInput.cpp">
      <Filter>ソース ファイル</Filter>
    </ClCompile>
    <ClCompile Include="class\input\PadInput.cpp">
      <Filter>ソース ファイル</Filter>
    </ClCompile>
    <ClCompile Include="class\common\Quaternion.cpp">
      <Filter>ソース ファイル</Filter>
    </ClCompile>
    <ClCompile Include="class\common\Transform.cpp">
      <Filter>ソース ファイル</Filter>
    </ClCompile>
    <ClCompile Include="class\common\Geometry.cpp">
      <Filter>ソース ファイル</Filter>
    </ClCompile>
    <ClCompile Include="class\input\Controller.cpp">
      <Filter>ソース ファイル</Filter>
    </ClCompile>
    <ClCompile Include="class\object\Obj.cpp">
      <Filter>ソース ファイル</Filter>
    </ClCompile>
    <ClCompile Include="class\object\Stage.cpp">
      <Filter>ソース ファイル</Filter>
    </ClCompile>
    <ClCompile Include="class\camera\Camera.cpp">
      <Filter>ソース ファイル</Filter>
    </ClCompile>
    <ClCompile Include="class\object\player\Player.cpp">
      <Filter>ソース ファイル</Filter>
    </ClCompile>
    <ClCompile Include="class\object\enemy\Enemy.cpp">
      <Filter>ソース ファイル</Filter>
    </ClCompile>
    <ClCompile Include="class\scene\InventoryScene.cpp">
      <Filter>ソース ファイル</Filter>
    </ClCompile>
    <ClCompile Include="class\common\AnimationController.cpp">
      <Filter>ソース ファイル</Filter>
    </ClCompile>
    <ClCompile Include="class\object\player\Stamina.cpp">
      <Filter>ソース ファイル</Filter>
    </ClCompile>
    <ClCompile Include="class\common\SocketServer.cpp">
      <Filter>ソース ファイル</Filter>
    </ClCompile>
    <ClCompile Include="class\object\gimmick\Gimmick.cpp">
      <Filter>ソース ファイル</Filter>
    </ClCompile>
    <ClCompile Include="class\object\gimmick\Door.cpp">
      <Filter>ソース ファイル</Filter>
    </ClCompile>
    <ClCompile Include="class\common\OriginalShader.cpp">
      <Filter>ソース ファイル</Filter>
    </ClCompile>
    <ClCompile Include="class\common\Capsule.cpp">
      <Filter>ソース ファイル</Filter>
    </ClCompile>
    <ClCompile Include="class\tmx\TmxObj.cpp">
      <Filter>ソース ファイル</Filter>
    </ClCompile>
    <ClCompile Include="class\common\Fps.cpp">
      <Filter>ソース ファイル</Filter>
    </ClCompile>
    <ClCompile Include="class\common\manager\SoundMng.cpp">
      <Filter>ソース ファイル</Filter>
    </ClCompile>
    <ClCompile Include="class\common\manager\ImageMng.cpp">
      <Filter>ソース ファイル</Filter>
    </ClCompile>
    <ClCompile Include="class\common\manager\MovieMng.cpp">
      <Filter>ソース ファイル</Filter>
    </ClCompile>
    <ClCompile Include="class\object\gimmick\Drawer.cpp">
      <Filter>ソース ファイル</Filter>
    </ClCompile>
    <ClCompile Include="class\common\manager\ModelMng.cpp">
      <Filter>ソース ファイル</Filter>
    </ClCompile>
    <ClCompile Include="class\object\gimmick\DrawerFrame.cpp">
      <Filter>ソース ファイル</Filter>
    </ClCompile>
    <ClCompile Include="class\common\MouseIcon.cpp">
      <Filter>ソース ファイル</Filter>
    </ClCompile>
    <ClCompile Include="class\object\Item\Item.cpp">
      <Filter>ソース ファイル</Filter>
    </ClCompile>
    <ClCompile Include="class\object\Item\Phot.cpp">
      <Filter>ソース ファイル</Filter>
    </ClCompile>
    <ClCompile Include="class\object\Item\Key.cpp">
      <Filter>ソース ファイル</Filter>
    </ClCompile>
    <ClCompile Include="class\scene\LoadScene.cpp">
      <Filter>ソース ファイル</Filter>
    </ClCompile>
    <ClCompile Include="class\object\player\MinCamera.cpp">
      <Filter>ソース ファイル</Filter>
    </ClCompile>
    <ClCompile Include="class\scene\GameOverScene.cpp">
      <Filter>ソース ファイル</Filter>
    </ClCompile>
    <ClCompile Include="class\object\marker\ARmarker.cpp">
      <Filter>ソース ファイル</Filter>
    </ClCompile>
    <ClCompile Include="class\object\player\HandLight.cpp">
      <Filter>ソース ファイル</Filter>
    </ClCompile>
    <ClCompile Include="class\common\manager\CBufferMng.cpp">
      <Filter>ソース ファイル</Filter>
    </ClCompile>
    <ClCompile Include="class\object\Goal.cpp">
      <Filter>ソース ファイル</Filter>
    </ClCompile>
    <ClCompile Include="class\object\gimmick\LockDoor.cpp">
      <Filter>ソース ファイル</Filter>
    </ClCompile>
    <ClCompile Include="class\object\enemy\Dijkstra.cpp">
      <Filter>ソース ファイル</Filter>
    </ClCompile>
    <ClCompile Include="class\object\enemy\Node.cpp">
      <Filter>ソース ファイル</Filter>
    </ClCompile>
    <ClCompile Include="class\scene\OptionScene.cpp">
      <Filter>ソース ファイル</Filter>
    </ClCompile>
    <ClCompile Include="class\object\gimmick\InnerLockDoor.cpp">
      <Filter>ソース ファイル</Filter>
    </ClCompile>
    <ClCompile Include="class\object\Mirror.cpp">
      <Filter>ソース ファイル</Filter>
    </ClCompile>
    <ClCompile Include="class\object\gimmick\Dial.cpp">
      <Filter>ソース ファイル</Filter>
    </ClCompile>
    <ClCompile Include="class\object\gimmick\DialFrame.cpp">
      <Filter>ソース ファイル</Filter>
    </ClCompile>
    <ClCompile Include="class\object\gimmick\DialLockDoor.cpp">
      <Filter>ソース ファイル</Filter>
    </ClCompile>
    <ClCompile Include="class\object\gimmick\FakeWall.cpp">
      <Filter>ソース ファイル</Filter>
    </ClCompile>
  </ItemGroup>
  <ItemGroup>
    <ClInclude Include="class\scene\TitleScene.h">
      <Filter>ヘッダー ファイル</Filter>
    </ClInclude>
    <ClInclude Include="class\scene\SelectScene.h">
      <Filter>ヘッダー ファイル</Filter>
    </ClInclude>
    <ClInclude Include="class\scene\SceneManager.h">
      <Filter>ヘッダー ファイル</Filter>
    </ClInclude>
    <ClInclude Include="class\scene\ResultScene.h">
      <Filter>ヘッダー ファイル</Filter>
    </ClInclude>
    <ClInclude Include="class\scene\GameScene.h">
      <Filter>ヘッダー ファイル</Filter>
    </ClInclude>
    <ClInclude Include="class\scene\BaseScene.h">
      <Filter>ヘッダー ファイル</Filter>
    </ClInclude>
    <ClInclude Include="_debug\_DebugConOut.h">
      <Filter>ヘッダー ファイル</Filter>
    </ClInclude>
    <ClInclude Include="_debug\_DebugDispOut.h">
      <Filter>ヘッダー ファイル</Filter>
    </ClInclude>
    <ClInclude Include="class\input\Controller.h">
      <Filter>ヘッダー ファイル</Filter>
    </ClInclude>
    <ClInclude Include="class\input\PadInput.h">
      <Filter>ヘッダー ファイル</Filter>
    </ClInclude>
    <ClInclude Include="class\input\KeyID.h">
      <Filter>ヘッダー ファイル</Filter>
    </ClInclude>
    <ClInclude Include="class\input\KeyInput.h">
      <Filter>ヘッダー ファイル</Filter>
    </ClInclude>
    <ClInclude Include="class\common\Quaternion.h">
      <Filter>ヘッダー ファイル</Filter>
    </ClInclude>
    <ClInclude Include="class\common\Transform.h">
      <Filter>ヘッダー ファイル</Filter>
    </ClInclude>
    <ClInclude Include="class\common\Geometry.h">
      <Filter>ヘッダー ファイル</Filter>
    </ClInclude>
    <ClInclude Include="class\object\Obj.h">
      <Filter>ヘッダー ファイル</Filter>
    </ClInclude>
    <ClInclude Include="class\object\Stage.h">
      <Filter>ヘッダー ファイル</Filter>
    </ClInclude>
    <ClInclude Include="class\camera\Camera.h">
      <Filter>ヘッダー ファイル</Filter>
    </ClInclude>
    <ClInclude Include="class\object\player\Player.h">
      <Filter>ヘッダー ファイル</Filter>
    </ClInclude>
    <ClInclude Include="class\object\enemy\Enemy.h">
      <Filter>ヘッダー ファイル</Filter>
    </ClInclude>
    <ClInclude Include="class\scene\InventoryScene.h">
      <Filter>ヘッダー ファイル</Filter>
    </ClInclude>
    <ClInclude Include="class\common\AnimationController.h">
      <Filter>ヘッダー ファイル</Filter>
    </ClInclude>
    <ClInclude Include="class\object\player\Stamina.h">
      <Filter>ヘッダー ファイル</Filter>
    </ClInclude>
    <ClInclude Include="class\common\SocketServer.h">
      <Filter>ヘッダー ファイル</Filter>
    </ClInclude>
    <ClInclude Include="class\object\gimmick\Gimmick.h">
      <Filter>ヘッダー ファイル</Filter>
    </ClInclude>
    <ClInclude Include="class\object\gimmick\Door.h">
      <Filter>ヘッダー ファイル</Filter>
    </ClInclude>
    <ClInclude Include="class\common\OriginalShader.h">
      <Filter>ヘッダー ファイル</Filter>
    </ClInclude>
    <ClInclude Include="class\common\Capsule.h">
      <Filter>ヘッダー ファイル</Filter>
    </ClInclude>
    <ClInclude Include="class\tmx\TmxObj.h">
      <Filter>ヘッダー ファイル</Filter>
    </ClInclude>
    <ClInclude Include="class\tmx\rapidxml.hpp">
      <Filter>ヘッダー ファイル</Filter>
    </ClInclude>
    <ClInclude Include="class\tmx\rapidxml_iterators.hpp">
      <Filter>ヘッダー ファイル</Filter>
    </ClInclude>
    <ClInclude Include="class\tmx\rapidxml_print.hpp">
      <Filter>ヘッダー ファイル</Filter>
    </ClInclude>
    <ClInclude Include="class\tmx\rapidxml_utils.hpp">
      <Filter>ヘッダー ファイル</Filter>
    </ClInclude>
    <ClInclude Include="class\common\Fps.h">
      <Filter>ヘッダー ファイル</Filter>
    </ClInclude>
    <ClInclude Include="class\common\manager\SoundMng.h">
      <Filter>ヘッダー ファイル</Filter>
    </ClInclude>
    <ClInclude Include="class\common\manager\ImageMng.h">
      <Filter>ヘッダー ファイル</Filter>
    </ClInclude>
    <ClInclude Include="class\common\manager\MovieMng.h">
      <Filter>ヘッダー ファイル</Filter>
    </ClInclude>
    <ClInclude Include="class\common\Collision2D.h">
      <Filter>ヘッダー ファイル</Filter>
    </ClInclude>
    <ClInclude Include="class\common\CheckHit.h">
      <Filter>ヘッダー ファイル</Filter>
    </ClInclude>
    <ClInclude Include="class\object\gimmick\Drawer.h">
      <Filter>ヘッダー ファイル</Filter>
    </ClInclude>
    <ClInclude Include="class\common\manager\ModelMng.h">
      <Filter>ヘッダー ファイル</Filter>
    </ClInclude>
    <ClInclude Include="class\object\gimmick\DrawerFrame.h">
      <Filter>ヘッダー ファイル</Filter>
    </ClInclude>
    <ClInclude Include="class\common\MouseIcon.h">
      <Filter>ヘッダー ファイル</Filter>
    </ClInclude>
    <ClInclude Include="class\object\Item\Item.h">
      <Filter>ヘッダー ファイル</Filter>
    </ClInclude>
    <ClInclude Include="class\object\Item\Phot.h">
      <Filter>ヘッダー ファイル</Filter>
    </ClInclude>
    <ClInclude Include="class\scene\LoadScene.h">
      <Filter>ヘッダー ファイル</Filter>
    </ClInclude>
    <ClInclude Include="class\object\Item\Key.h">
      <Filter>ヘッダー ファイル</Filter>
    </ClInclude>
    <ClInclude Include="class\object\player\MinCamera.h">
      <Filter>ヘッダー ファイル</Filter>
    </ClInclude>
    <ClInclude Include="class\scene\GameOverScene.h">
      <Filter>ヘッダー ファイル</Filter>
    </ClInclude>
    <ClInclude Include="class\object\marker\ARmarker.h">
      <Filter>ヘッダー ファイル</Filter>
    </ClInclude>
    <ClInclude Include="class\object\player\HandLight.h">
      <Filter>ヘッダー ファイル</Filter>
    </ClInclude>
    <ClInclude Include="class\common\manager\CBufferMng.h">
      <Filter>ヘッダー ファイル</Filter>
    </ClInclude>
    <ClInclude Include="class\object\Goal.h">
      <Filter>ヘッダー ファイル</Filter>
    </ClInclude>
    <ClInclude Include="class\object\gimmick\LockDoor.h">
      <Filter>ヘッダー ファイル</Filter>
    </ClInclude>
    <ClInclude Include="class\object\enemy\Dijkstra.h">
      <Filter>ヘッダー ファイル</Filter>
    </ClInclude>
    <ClInclude Include="class\object\enemy\Node.h">
      <Filter>ヘッダー ファイル</Filter>
    </ClInclude>
    <ClInclude Include="class\scene\OptionScene.h">
      <Filter>ヘッダー ファイル</Filter>
    </ClInclude>
    <ClInclude Include="class\object\gimmick\InnerLockDoor.h">
      <Filter>ヘッダー ファイル</Filter>
    </ClInclude>
    <ClInclude Include="class\object\Mirror.h">
      <Filter>ヘッダー ファイル</Filter>
    </ClInclude>
    <ClInclude Include="class\common\Light.h">
      <Filter>ヘッダー ファイル</Filter>
    </ClInclude>
    <ClInclude Include="class\object\gimmick\Dial.h">
      <Filter>ヘッダー ファイル</Filter>
    </ClInclude>
    <ClInclude Include="class\object\gimmick\DialFrame.h">
      <Filter>ヘッダー ファイル</Filter>
    </ClInclude>
    <ClInclude Include="class\object\gimmick\DialLockDoor.h">
      <Filter>ヘッダー ファイル</Filter>
    </ClInclude>
    <ClInclude Include="class\object\gimmick\FakeWall.h">
      <Filter>ヘッダー ファイル</Filter>
    </ClInclude>
  </ItemGroup>
  <ItemGroup>
    <FxCompile Include="class\hlsl\ps\blur_ps.hlsl" />
    <FxCompile Include="class\hlsl\vs\blurX_vs.hlsl" />
    <FxCompile Include="class\hlsl\vs\blurY_vs.hlsl" />
    <FxCompile Include="class\hlsl\vs\NormalModel_vs.hlsl" />
    <FxCompile Include="class\hlsl\ps\3D\NormalModel_ps.hlsl" />
    <FxCompile Include="class\hlsl\ps\DepthOfField_ps.hlsl" />
    <FxCompile Include="class\hlsl\ps\3D\TexOnlyModel_ps.hlsl" />
    <FxCompile Include="class\hlsl\ps\Camera_ps.hlsl" />
    <FxCompile Include="class\hlsl\ps\3D\TitleModel_ps.hlsl" />
    <FxCompile Include="class\hlsl\ps\3D\GameModel_ps.hlsl" />
    <FxCompile Include="class\hlsl\ps\Memo_ps.hlsl" />
    <FxCompile Include="class\hlsl\ps\3D\renderGBuffer.hlsl" />
    <FxCompile Include="class\hlsl\ps\DefferedLighting_ps.hlsl" />
    <FxCompile Include="class\hlsl\ps\3D\Depth_ps.hlsl" />
  </ItemGroup>
</Project>